
Microsoft Visual Studio Solution File, Format Version 12.00
# Visual Studio Version 17
VisualStudioVersion = 17.0.31903.59
MinimumVisualStudioVersion = 10.0.40219.1
Project("{FAE04EC0-301F-11D3-BF4B-00C04F79EFBC}") = "TickChat.Api", "TickChat.Api\TickChat.Api.csproj", "{39BD6D4F-9118-49EC-9573-A7D74D3F83BA}"
EndProject
Project("{FAE04EC0-301F-11D3-BF4B-00C04F79EFBC}") = "TickChat.BusinessService", "TickChat.BusinessService\TickChat.BusinessService.csproj", "{DFA8AE68-301A-48B5-9F71-44204D434D75}"
EndProject
Project("{FAE04EC0-301F-11D3-BF4B-00C04F79EFBC}") = "TickChat.DataAccess", "TickChat.DataAccess\TickChat.DataAccess.csproj", "{DE434E1E-6B74-44C8-81E5-78504A0DDDE6}"
EndProject
Global
	GlobalSection(SolutionConfigurationPlatforms) = preSolution
		Debug|Any CPU = Debug|Any CPU
		Release|Any CPU = Release|Any CPU
	EndGlobalSection
	GlobalSection(ProjectConfigurationPlatforms) = postSolution
		{39BD6D4F-9118-49EC-9573-A7D74D3F83BA}.Debug|Any CPU.ActiveCfg = Debug|Any CPU
		{39BD6D4F-9118-49EC-9573-A7D74D3F83BA}.Debug|Any CPU.Build.0 = Debug|Any CPU
		{39BD6D4F-9118-49EC-9573-A7D74D3F83BA}.Release|Any CPU.ActiveCfg = Release|Any CPU
		{39BD6D4F-9118-49EC-9573-A7D74D3F83BA}.Release|Any CPU.Build.0 = Release|Any CPU
		{DFA8AE68-301A-48B5-9F71-44204D434D75}.Debug|Any CPU.ActiveCfg = Debug|Any CPU
		{DFA8AE68-301A-48B5-9F71-44204D434D75}.Debug|Any CPU.Build.0 = Debug|Any CPU
		{DFA8AE68-301A-48B5-9F71-44204D434D75}.Release|Any CPU.ActiveCfg = Release|Any CPU
		{DFA8AE68-301A-48B5-9F71-44204D434D75}.Release|Any CPU.Build.0 = Release|Any CPU
		{DE434E1E-6B74-44C8-81E5-78504A0DDDE6}.Debug|Any CPU.ActiveCfg = Debug|Any CPU
		{DE434E1E-6B74-44C8-81E5-78504A0DDDE6}.Debug|Any CPU.Build.0 = Debug|Any CPU
		{DE434E1E-6B74-44C8-81E5-78504A0DDDE6}.Release|Any CPU.ActiveCfg = Release|Any CPU
		{DE434E1E-6B74-44C8-81E5-78504A0DDDE6}.Release|Any CPU.Build.0 = Release|Any CPU
	EndGlobalSection
	GlobalSection(SolutionProperties) = preSolution
		HideSolutionNode = FALSE
	EndGlobalSection
EndGlobal
